Microsoft Visual Studio Solution File, Format Version 11.00
# Visual Studio 2008

Project("{21180253-A5A4-C0CA-2411-1682B5DCEAAB}") = "AStarPath", "Assembly-CSharp.csproj", "{1FDF9FE8-3C57-A110-9DFD-A1A6CDEB4122}"
EndProject
Global
	GlobalSection(SolutionConfigurationPlatforms) = preSolution
		Debug|Any CPU = Debug|Any CPU
		Release|Any CPU = Release|Any CPU
	EndGlobalSection
	GlobalSection(ProjectConfigurationPlatforms) = postSolution
		{1FDF9FE8-3C57-A110-9DFD-A1A6CDEB4122}.Debug|Any CPU.ActiveCfg = Debug|Any CPU
		{1FDF9FE8-3C57-A110-9DFD-A1A6CDEB4122}.Debug|Any CPU.Build.0 = Debug|Any CPU
		{1FDF9FE8-3C57-A110-9DFD-A1A6CDEB4122}.Release|Any CPU.ActiveCfg = Release|Any CPU
		{1FDF9FE8-3C57-A110-9DFD-A1A6CDEB4122}.Release|Any CPU.Build.0 = Release|Any CPU
	EndGlobalSection
	GlobalSection(SolutionProperties) = preSolution
		HideSolutionNode = FALSE
	EndGlobalSection
	GlobalSection(MonoDevelopProperties) = preSolution
		StartupItem = Assembly-CSharp.csproj
	EndGlobalSection
EndGlobal
